
Microsoft Visual Studio Solution File, Format Version 12.00
Project("{FAE04EC0-301F-11D3-BF4B-00C04F79EFBC}") = "HoardingSpeaks", "HoardingSpeaks\HoardingSpeaks.csproj", "{EF980DF2-6566-43ED-91BC-F1CE301DAA39}"
EndProject
Global
	GlobalSection(SolutionConfigurationPlatforms) = preSolution
		Debug|Any CPU = Debug|Any CPU
		Release|Any CPU = Release|Any CPU
	EndGlobalSection
	GlobalSection(ProjectConfigurationPlatforms) = postSolution
		{EF980DF2-6566-43ED-91BC-F1CE301DAA39}.Debug|Any CPU.ActiveCfg = Debug|Any CPU
		{EF980DF2-6566-43ED-91BC-F1CE301DAA39}.Debug|Any CPU.Build.0 = Debug|Any CPU
		{EF980DF2-6566-43ED-91BC-F1CE301DAA39}.Release|Any CPU.ActiveCfg = Release|Any CPU
		{EF980DF2-6566-43ED-91BC-F1CE301DAA39}.Release|Any CPU.Build.0 = Release|Any CPU
	EndGlobalSection
EndGlobal
